
Microsoft Visual Studio Solution File, Format Version 12.00
# Visual Studio 15
VisualStudioVersion = 15.0.26124.0
MinimumVisualStudioVersion = 15.0.26124.0
Project("{FAE04EC0-301F-11D3-BF4B-00C04F79EFBC}") = "GameTOP", "GameTOP\GameTOP.csproj", "{34782F33-5958-4027-B838-B98FA80213F7}"
EndProject
Project("{FAE04EC0-301F-11D3-BF4B-00C04F79EFBC}") = "GameTOP.Lib", "GameTOP.Lib\GameTOP.Lib.csproj", "{A75BF1C0-D4AD-4EFA-BF1C-0D2C5EB5E51A}"
EndProject
Project("{FAE04EC0-301F-11D3-BF4B-00C04F79EFBC}") = "GameTOP.Interface", "GameTOP.Interface\GameTOP.Interface.csproj", "{5627217E-27CA-4696-9725-AEF25D6CD91D}"
EndProject
Global
	GlobalSection(SolutionConfigurationPlatforms) = preSolution
		Debug|Any CPU = Debug|Any CPU
		Debug|x64 = Debug|x64
		Debug|x86 = Debug|x86
		Release|Any CPU = Release|Any CPU
		Release|x64 = Release|x64
		Release|x86 = Release|x86
	EndGlobalSection
	GlobalSection(SolutionProperties) = preSolution
		HideSolutionNode = FALSE
	EndGlobalSection
	GlobalSection(ProjectConfigurationPlatforms) = postSolution
		{34782F33-5958-4027-B838-B98FA80213F7}.Debug|Any CPU.ActiveCfg = Debug|Any CPU
		{34782F33-5958-4027-B838-B98FA80213F7}.Debug|Any CPU.Build.0 = Debug|Any CPU
		{34782F33-5958-4027-B838-B98FA80213F7}.Debug|x64.ActiveCfg = Debug|Any CPU
		{34782F33-5958-4027-B838-B98FA80213F7}.Debug|x64.Build.0 = Debug|Any CPU
		{34782F33-5958-4027-B838-B98FA80213F7}.Debug|x86.ActiveCfg = Debug|Any CPU
		{34782F33-5958-4027-B838-B98FA80213F7}.Debug|x86.Build.0 = Debug|Any CPU
		{34782F33-5958-4027-B838-B98FA80213F7}.Release|Any CPU.ActiveCfg = Release|Any CPU
		{34782F33-5958-4027-B838-B98FA80213F7}.Release|Any CPU.Build.0 = Release|Any CPU
		{34782F33-5958-4027-B838-B98FA80213F7}.Release|x64.ActiveCfg = Release|Any CPU
		{34782F33-5958-4027-B838-B98FA80213F7}.Release|x64.Build.0 = Release|Any CPU
		{34782F33-5958-4027-B838-B98FA80213F7}.Release|x86.ActiveCfg = Release|Any CPU
		{34782F33-5958-4027-B838-B98FA80213F7}.Release|x86.Build.0 = Release|Any CPU
		{A75BF1C0-D4AD-4EFA-BF1C-0D2C5EB5E51A}.Debug|Any CPU.ActiveCfg = Debug|Any CPU
		{A75BF1C0-D4AD-4EFA-BF1C-0D2C5EB5E51A}.Debug|Any CPU.Build.0 = Debug|Any CPU
		{A75BF1C0-D4AD-4EFA-BF1C-0D2C5EB5E51A}.Debug|x64.ActiveCfg = Debug|Any CPU
		{A75BF1C0-D4AD-4EFA-BF1C-0D2C5EB5E51A}.Debug|x64.Build.0 = Debug|Any CPU
		{A75BF1C0-D4AD-4EFA-BF1C-0D2C5EB5E51A}.Debug|x86.ActiveCfg = Debug|Any CPU
		{A75BF1C0-D4AD-4EFA-BF1C-0D2C5EB5E51A}.Debug|x86.Build.0 = Debug|Any CPU
		{A75BF1C0-D4AD-4EFA-BF1C-0D2C5EB5E51A}.Release|Any CPU.ActiveCfg = Release|Any CPU
		{A75BF1C0-D4AD-4EFA-BF1C-0D2C5EB5E51A}.Release|Any CPU.Build.0 = Release|Any CPU
		{A75BF1C0-D4AD-4EFA-BF1C-0D2C5EB5E51A}.Release|x64.ActiveCfg = Release|Any CPU
		{A75BF1C0-D4AD-4EFA-BF1C-0D2C5EB5E51A}.Release|x64.Build.0 = Release|Any CPU
		{A75BF1C0-D4AD-4EFA-BF1C-0D2C5EB5E51A}.Release|x86.ActiveCfg = Release|Any CPU
		{A75BF1C0-D4AD-4EFA-BF1C-0D2C5EB5E51A}.Release|x86.Build.0 = Release|Any CPU
		{5627217E-27CA-4696-9725-AEF25D6CD91D}.Debug|Any CPU.ActiveCfg = Debug|Any CPU
		{5627217E-27CA-4696-9725-AEF25D6CD91D}.Debug|Any CPU.Build.0 = Debug|Any CPU
		{5627217E-27CA-4696-9725-AEF25D6CD91D}.Debug|x64.ActiveCfg = Debug|Any CPU
		{5627217E-27CA-4696-9725-AEF25D6CD91D}.Debug|x64.Build.0 = Debug|Any CPU
		{5627217E-27CA-4696-9725-AEF25D6CD91D}.Debug|x86.ActiveCfg = Debug|Any CPU
		{5627217E-27CA-4696-9725-AEF25D6CD91D}.Debug|x86.Build.0 = Debug|Any CPU
		{5627217E-27CA-4696-9725-AEF25D6CD91D}.Release|Any CPU.ActiveCfg = Release|Any CPU
		{5627217E-27CA-4696-9725-AEF25D6CD91D}.Release|Any CPU.Build.0 = Release|Any CPU
		{5627217E-27CA-4696-9725-AEF25D6CD91D}.Release|x64.ActiveCfg = Release|Any CPU
		{5627217E-27CA-4696-9725-AEF25D6CD91D}.Release|x64.Build.0 = Release|Any CPU
		{5627217E-27CA-4696-9725-AEF25D6CD91D}.Release|x86.ActiveCfg = Release|Any CPU
		{5627217E-27CA-4696-9725-AEF25D6CD91D}.Release|x86.Build.0 = Release|Any CPU
	EndGlobalSection
EndGlobal
